// !$*UTF8*$!
{
	archiveVersion = 1;
	classes = {
	};
	objectVersion = 77;
	objects = {

/* Begin PBXBuildFile section */
		C10EABE52CEF24A800F68D94 /* SwiftyJSON in Frameworks */ = {isa = PBXBuildFile; productRef = C10EABE42CEF24A800F68D94 /* SwiftyJSON */; };
		C10EABE82CF0143100F68D94 /* SwiftSpinner in Frameworks */ = {isa = PBXBuildFile; productRef = C10EABE72CF0143100F68D94 /* SwiftSpinner */; };
		C1CA44B12D06C1B300F7BD2D /* Highcharts in Frameworks */ = {isa = PBXBuildFile; productRef = C1CA44B02D06C1B300F7BD2D /* Highcharts */; };
		C1CA44BA2D09359B00F7BD2D /* Toast in Frameworks */ = {isa = PBXBuildFile; productRef = C1CA44B92D09359B00F7BD2D /* Toast */; };
		C1F6DA762CEDE91D00854674 /* Alamofire in Frameworks */ = {isa = PBXBuildFile; productRef = C1F6DA752CEDE91D00854674 /* Alamofire */; };
/* End PBXBuildFile section */

/* Begin PBXContainerItemProxy section */
		C1F6DA3A2CEC942200854674 /* PBXContainerItemProxy */ = {
			isa = PBXContainerItemProxy;
			containerPortal = C1F6DA212CEC942100854674 /* Project object */;
			proxyType = 1;
			remoteGlobalIDString = C1F6DA282CEC942100854674;
			remoteInfo = "WeatherApp";
		};
		C1F6DA442CEC942200854674 /* PBXContainerItemProxy */ = {
			isa = PBXContainerItemProxy;
			containerPortal = C1F6DA212CEC942100854674 /* Project object */;
			proxyType = 1;
			remoteGlobalIDString = C1F6DA282CEC942100854674;
			remoteInfo = "WeatherApp";
		};
/* End PBXContainerItemProxy section */

/* Begin PBXFileReference section */
		C1F6DA292CEC942100854674 /* WeatherApp.app */ = {isa = PBXFileReference; explicitFileType = wrapper.application; includeInIndex = 0; path = "WeatherApp.app"; sourceTree = BUILT_PRODUCTS_DIR; };
		C1F6DA392CEC942200854674 /* WeatherAppTests.xctest */ = {isa = PBXFileReference; explicitFileType = wrapper.cfbundle; includeInIndex = 0; path = "WeatherAppTests.xctest"; sourceTree = BUILT_PRODUCTS_DIR; };
		C1F6DA432CEC942200854674 /* WeatherAppUITests.xctest */ = {isa = PBXFileReference; explicitFileType = wrapper.cfbundle; includeInIndex = 0; path = "WeatherAppUITests.xctest"; sourceTree = BUILT_PRODUCTS_DIR; };
/* End PBXFileReference section */

/* Begin PBXFileSystemSynchronizedBuildFileExceptionSet section */
		C1F6DA6F2CED8E4D00854674 /* Exceptions for "WeatherApp" folder in "WeatherApp" target */ = {
			isa = PBXFileSystemSynchronizedBuildFileExceptionSet;
			membershipExceptions = (
				Info.plist,
			);
			target = C1F6DA282CEC942100854674 /* WeatherApp */;
		};
/* End PBXFileSystemSynchronizedBuildFileExceptionSet section */

/* Begin PBXFileSystemSynchronizedRootGroup section */
		C1F6DA2B2CEC942100854674 /* WeatherApp */ = {
			isa = PBXFileSystemSynchronizedRootGroup;
			exceptions = (
				C1F6DA6F2CED8E4D00854674 /* Exceptions for "WeatherApp" folder in "WeatherApp" target */,
			);
			path = "WeatherApp";
			sourceTree = "<group>";
		};
		C1F6DA3C2CEC942200854674 /* WeatherAppTests */ = {
			isa = PBXFileSystemSynchronizedRootGroup;
			path = "WeatherAppTests";
			sourceTree = "<group>";
		};
		C1F6DA462CEC942200854674 /* WeatherAppUITests */ = {
			isa = PBXFileSystemSynchronizedRootGroup;
			path = "WeatherAppUITests";
			sourceTree = "<group>";
		};
/* End PBXFileSystemSynchronizedRootGroup section */

/* Begin PBXFrameworksBuildPhase section */
		C1F6DA262CEC942100854674 /* Frameworks */ = {
			isa = PBXFrameworksBuildPhase;
			buildActionMask = 2147483647;
			files = (
				C10EABE52CEF24A800F68D94 /* SwiftyJSON in Frameworks */,
				C1F6DA762CEDE91D00854674 /* Alamofire in Frameworks */,
				C10EABE82CF0143100F68D94 /* SwiftSpinner in Frameworks */,
				C1CA44BA2D09359B00F7BD2D /* Toast in Frameworks */,
				C1CA44B12D06C1B300F7BD2D /* Highcharts in Frameworks */,
			);
			runOnlyForDeploymentPostprocessing = 0;
		};
		C1F6DA362CEC942200854674 /* Frameworks */ = {
			isa = PBXFrameworksBuildPhase;
			buildActionMask = 2147483647;
			files = (
			);
			runOnlyForDeploymentPostprocessing = 0;
		};
		C1F6DA402CEC942200854674 /* Frameworks */ = {
			isa = PBXFrameworksBuildPhase;
			buildActionMask = 2147483647;
			files = (
			);
			runOnlyForDeploymentPostprocessing = 0;
		};
/* End PBXFrameworksBuildPhase section */

/* Begin PBXGroup section */
		C1F6DA202CEC942100854674 = {
			isa = PBXGroup;
			children = (
				C1F6DA2B2CEC942100854674 /* WeatherApp */,
				C1F6DA3C2CEC942200854674 /* WeatherAppTests */,
				C1F6DA462CEC942200854674 /* WeatherAppUITests */,
				C1F6DA2A2CEC942100854674 /* Products */,
			);
			sourceTree = "<group>";
		};
		C1F6DA2A2CEC942100854674 /* Products */ = {
			isa = PBXGroup;
			children = (
				C1F6DA292CEC942100854674 /* WeatherApp.app */,
				C1F6DA392CEC942200854674 /* WeatherAppTests.xctest */,
				C1F6DA432CEC942200854674 /* WeatherAppUITests.xctest */,
			);
			name = Products;
			sourceTree = "<group>";
		};
/* End PBXGroup section */

/* Begin PBXNativeTarget section */
		C1F6DA282CEC942100854674 /* WeatherApp */ = {
			isa = PBXNativeTarget;
			buildConfigurationList = C1F6DA4D2CEC942200854674 /* Build configuration list for PBXNativeTarget "WeatherApp" */;
			buildPhases = (
				C1F6DA252CEC942100854674 /* Sources */,
				C1F6DA262CEC942100854674 /* Frameworks */,
				C1F6DA272CEC942100854674 /* Resources */,
			);
			buildRules = (
			);
			dependencies = (
			);
			fileSystemSynchronizedGroups = (
				C1F6DA2B2CEC942100854674 /* WeatherApp */,
			);
			name = "WeatherApp";
			packageProductDependencies = (
				C1F6DA752CEDE91D00854674 /* Alamofire */,
				C10EABE42CEF24A800F68D94 /* SwiftyJSON */,
				C10EABE72CF0143100F68D94 /* SwiftSpinner */,
				C1CA44B02D06C1B300F7BD2D /* Highcharts */,
				C1CA44B92D09359B00F7BD2D /* Toast */,
			);
			productName = "WeatherApp";
			productReference = C1F6DA292CEC942100854674 /* WeatherApp.app */;
			productType = "com.apple.product-type.application";
		};
		C1F6DA382CEC942200854674 /* WeatherAppTests */ = {
			isa = PBXNativeTarget;
			buildConfigurationList = C1F6DA502CEC942200854674 /* Build configuration list for PBXNativeTarget "WeatherAppTests" */;
			buildPhases = (
				C1F6DA352CEC942200854674 /* Sources */,
				C1F6DA362CEC942200854674 /* Frameworks */,
				C1F6DA372CEC942200854674 /* Resources */,
			);
			buildRules = (
			);
			dependencies = (
				C1F6DA3B2CEC942200854674 /* PBXTargetDependency */,
			);
			fileSystemSynchronizedGroups = (
				C1F6DA3C2CEC942200854674 /* WeatherAppTests */,
			);
			name = "WeatherAppTests";
			packageProductDependencies = (
			);
			productName = "WeatherAppTests";
			productReference = C1F6DA392CEC942200854674 /* WeatherAppTests.xctest */;
			productType = "com.apple.product-type.bundle.unit-test";
		};
		C1F6DA422CEC942200854674 /* WeatherAppUITests */ = {
			isa = PBXNativeTarget;
			buildConfigurationList = C1F6DA532CEC942200854674 /* Build configuration list for PBXNativeTarget "WeatherAppUITests" */;
			buildPhases = (
				C1F6DA3F2CEC942200854674 /* Sources */,
				C1F6DA402CEC942200854674 /* Frameworks */,
				C1F6DA412CEC942200854674 /* Resources */,
			);
			buildRules = (
			);
			dependencies = (
				C1F6DA452CEC942200854674 /* PBXTargetDependency */,
			);
			fileSystemSynchronizedGroups = (
				C1F6DA462CEC942200854674 /* WeatherAppUITests */,
			);
			name = "WeatherAppUITests";
			packageProductDependencies = (
			);
			productName = "WeatherAppUITests";
			productReference = C1F6DA432CEC942200854674 /* WeatherAppUITests.xctest */;
			productType = "com.apple.product-type.bundle.ui-testing";
		};
/* End PBXNativeTarget section */

/* Begin PBXProject section */
		C1F6DA212CEC942100854674 /* Project object */ = {
			isa = PBXProject;
			attributes = {
				BuildIndependentTargetsInParallel = 1;
				LastSwiftUpdateCheck = 1610;
				LastUpgradeCheck = 1610;
				TargetAttributes = {
					C1F6DA282CEC942100854674 = {
						CreatedOnToolsVersion = 16.1;
					};
					C1F6DA382CEC942200854674 = {
						CreatedOnToolsVersion = 16.1;
						TestTargetID = C1F6DA282CEC942100854674;
					};
					C1F6DA422CEC942200854674 = {
						CreatedOnToolsVersion = 16.1;
						TestTargetID = C1F6DA282CEC942100854674;
					};
				};
			};
			buildConfigurationList = C1F6DA242CEC942100854674 /* Build configuration list for PBXProject "WeatherApp" */;
			developmentRegion = en;
			hasScannedForEncodings = 0;
			knownRegions = (
				en,
				Base,
			);
			mainGroup = C1F6DA202CEC942100854674;
			minimizedProjectReferenceProxies = 1;
			packageReferences = (
				C1F6DA742CEDE91D00854674 /* XCRemoteSwiftPackageReference "Alamofire" */,
				C10EABE32CEF24A800F68D94 /* XCRemoteSwiftPackageReference "SwiftyJSON" */,
				C10EABE62CF0143100F68D94 /* XCRemoteSwiftPackageReference "SwiftSpinner" */,
				C1CA44AF2D06C1B300F7BD2D /* XCRemoteSwiftPackageReference "highcharts-ios" */,
				C1CA44B82D09359B00F7BD2D /* XCRemoteSwiftPackageReference "Toast-Swift" */,
			);
			preferredProjectObjectVersion = 77;
			productRefGroup = C1F6DA2A2CEC942100854674 /* Products */;
			projectDirPath = "";
			projectRoot = "";
			targets = (
				C1F6DA282CEC942100854674 /* WeatherApp */,
				C1F6DA382CEC942200854674 /* WeatherAppTests */,
				C1F6DA422CEC942200854674 /* WeatherAppUITests */,
			);
		};
/* End PBXProject section */

/* Begin PBXResourcesBuildPhase section */
		C1F6DA272CEC942100854674 /* Resources */ = {
			isa = PBXResourcesBuildPhase;
			buildActionMask = 2147483647;
			files = (
			);
			runOnlyForDeploymentPostprocessing = 0;
		};
		C1F6DA372CEC942200854674 /* Resources */ = {
			isa = PBXResourcesBuildPhase;
			buildActionMask = 2147483647;
			files = (
			);
			runOnlyForDeploymentPostprocessing = 0;
		};
		C1F6DA412CEC942200854674 /* Resources */ = {
			isa = PBXResourcesBuildPhase;
			buildActionMask = 2147483647;
			files = (
			);
			runOnlyForDeploymentPostprocessing = 0;
		};
/* End PBXResourcesBuildPhase section */

/* Begin PBXSourcesBuildPhase section */
		C1F6DA252CEC942100854674 /* Sources */ = {
			isa = PBXSourcesBuildPhase;
			buildActionMask = 2147483647;
			files = (
			);
			runOnlyForDeploymentPostprocessing = 0;
		};
		C1F6DA352CEC942200854674 /* Sources */ = {
			isa = PBXSourcesBuildPhase;
			buildActionMask = 2147483647;
			files = (
			);
			runOnlyForDeploymentPostprocessing = 0;
		};
		C1F6DA3F2CEC942200854674 /* Sources */ = {
			isa = PBXSourcesBuildPhase;
			buildActionMask = 2147483647;
			files = (
			);
			runOnlyForDeploymentPostprocessing = 0;
		};
/* End PBXSourcesBuildPhase section */

/* Begin PBXTargetDependency section */
		C1F6DA3B2CEC942200854674 /* PBXTargetDependency */ = {
			isa = PBXTargetDependency;
			target = C1F6DA282CEC942100854674 /* WeatherApp */;
			targetProxy = C1F6DA3A2CEC942200854674 /* PBXContainerItemProxy */;
		};
		C1F6DA452CEC942200854674 /* PBXTargetDependency */ = {
			isa = PBXTargetDependency;
			target = C1F6DA282CEC942100854674 /* WeatherApp */;
			targetProxy = C1F6DA442CEC942200854674 /* PBXContainerItemProxy */;
		};
/* End PBXTargetDependency section */

/* Begin XCBuildConfiguration section */
		C1F6DA4B2CEC942200854674 /* Debug */ = {
			isa = XCBuildConfiguration;
			buildSettings = {
				ALWAYS_SEARCH_USER_PATHS = NO;
				ASSETCATALOG_COMPILER_GENERATE_SWIFT_ASSET_SYMBOL_EXTENSIONS = YES;
				CLANG_ANALYZER_NONNULL = YES;
				CLANG_ANALYZER_NUMBER_OBJECT_CONVERSION = YES_AGGRESSIVE;
				CLANG_CXX_LANGUAGE_STANDARD = "gnu++20";
				CLANG_ENABLE_MODULES = YES;
				CLANG_ENABLE_OBJC_ARC = YES;
				CLANG_ENABLE_OBJC_WEAK = YES;
				CLANG_WARN_BLOCK_CAPTURE_AUTORELEASING = YES;
				CLANG_WARN_BOOL_CONVERSION = YES;
				CLANG_WARN_COMMA = YES;
				CLANG_WARN_CONSTANT_CONVERSION = YES;
				CLANG_WARN_DEPRECATED_OBJC_IMPLEMENTATIONS = YES;
				CLANG_WARN_DIRECT_OBJC_ISA_USAGE = YES_ERROR;
				CLANG_WARN_DOCUMENTATION_COMMENTS = YES;
				CLANG_WARN_EMPTY_BODY = YES;
				CLANG_WARN_ENUM_CONVERSION = YES;
				CLANG_WARN_INFINITE_RECURSION = YES;
				CLANG_WARN_INT_CONVERSION = YES;
				CLANG_WARN_NON_LITERAL_NULL_CONVERSION = YES;
				CLANG_WARN_OBJC_IMPLICIT_RETAIN_SELF = YES;
				CLANG_WARN_OBJC_LITERAL_CONVERSION = YES;
				CLANG_WARN_OBJC_ROOT_CLASS = YES_ERROR;
				CLANG_WARN_QUOTED_INCLUDE_IN_FRAMEWORK_HEADER = YES;
				CLANG_WARN_RANGE_LOOP_ANALYSIS = YES;
				CLANG_WARN_STRICT_PROTOTYPES = YES;
				CLANG_WARN_SUSPICIOUS_MOVE = YES;
				CLANG_WARN_UNGUARDED_AVAILABILITY = YES_AGGRESSIVE;
				CLANG_WARN_UNREACHABLE_CODE = YES;
				CLANG_WARN__DUPLICATE_METHOD_MATCH = YES;
				COPY_PHASE_STRIP = NO;
				DEBUG_INFORMATION_FORMAT = dwarf;
				ENABLE_STRICT_OBJC_MSGSEND = YES;
				ENABLE_TESTABILITY = YES;
				ENABLE_USER_SCRIPT_SANDBOXING = YES;
				GCC_C_LANGUAGE_STANDARD = gnu17;
				GCC_DYNAMIC_NO_PIC = NO;
				GCC_NO_COMMON_BLOCKS = YES;
				GCC_OPTIMIZATION_LEVEL = 0;
				GCC_PREPROCESSOR_DEFINITIONS = (
					"DEBUG=1",
					"$(inherited)",
				);
				GCC_WARN_64_TO_32_BIT_CONVERSION = YES;
				GCC_WARN_ABOUT_RETURN_TYPE = YES_ERROR;
				GCC_WARN_UNDECLARED_SELECTOR = YES;
				GCC_WARN_UNINITIALIZED_AUTOS = YES_AGGRESSIVE;
				GCC_WARN_UNUSED_FUNCTION = YES;
				GCC_WARN_UNUSED_VARIABLE = YES;
				IPHONEOS_DEPLOYMENT_TARGET = 17.6;
				LOCALIZATION_PREFERS_STRING_CATALOGS = YES;
				MTL_ENABLE_DEBUG_INFO = INCLUDE_SOURCE;
				MTL_FAST_MATH = YES;
				ONLY_ACTIVE_ARCH = YES;
				SDKROOT = iphoneos;
				SWIFT_ACTIVE_COMPILATION_CONDITIONS = "DEBUG $(inherited)";
				SWIFT_OPTIMIZATION_LEVEL = "-Onone";
			};
			name = Debug;
		};
		C1F6DA4C2CEC942200854674 /* Release */ = {
			isa = XCBuildConfiguration;
			buildSettings = {
				ALWAYS_SEARCH_USER_PATHS = NO;
				ASSETCATALOG_COMPILER_GENERATE_SWIFT_ASSET_SYMBOL_EXTENSIONS = YES;
				CLANG_ANALYZER_NONNULL = YES;
				CLANG_ANALYZER_NUMBER_OBJECT_CONVERSION = YES_AGGRESSIVE;
				CLANG_CXX_LANGUAGE_STANDARD = "gnu++20";
				CLANG_ENABLE_MODULES = YES;
				CLANG_ENABLE_OBJC_ARC = YES;
				CLANG_ENABLE_OBJC_WEAK = YES;
				CLANG_WARN_BLOCK_CAPTURE_AUTORELEASING = YES;
				CLANG_WARN_BOOL_CONVERSION = YES;
				CLANG_WARN_COMMA = YES;
				CLANG_WARN_CONSTANT_CONVERSION = YES;
				CLANG_WARN_DEPRECATED_OBJC_IMPLEMENTATIONS = YES;
				CLANG_WARN_DIRECT_OBJC_ISA_USAGE = YES_ERROR;
				CLANG_WARN_DOCUMENTATION_COMMENTS = YES;
				CLANG_WARN_EMPTY_BODY = YES;
				CLANG_WARN_ENUM_CONVERSION = YES;
				CLANG_WARN_INFINITE_RECURSION = YES;
				CLANG_WARN_INT_CONVERSION = YES;
				CLANG_WARN_NON_LITERAL_NULL_CONVERSION = YES;
				CLANG_WARN_OBJC_IMPLICIT_RETAIN_SELF = YES;
				CLANG_WARN_OBJC_LITERAL_CONVERSION = YES;
				CLANG_WARN_OBJC_ROOT_CLASS = YES_ERROR;
				CLANG_WARN_QUOTED_INCLUDE_IN_FRAMEWORK_HEADER = YES;
				CLANG_WARN_RANGE_LOOP_ANALYSIS = YES;
				CLANG_WARN_STRICT_PROTOTYPES = YES;
				CLANG_WARN_SUSPICIOUS_MOVE = YES;
				CLANG_WARN_UNGUARDED_AVAILABILITY = YES_AGGRESSIVE;
				CLANG_WARN_UNREACHABLE_CODE = YES;
				CLANG_WARN__DUPLICATE_METHOD_MATCH = YES;
				COPY_PHASE_STRIP = NO;
				DEBUG_INFORMATION_FORMAT = "dwarf-with-dsym";
				ENABLE_NS_ASSERTIONS = NO;
				ENABLE_STRICT_OBJC_MSGSEND = YES;
				ENABLE_USER_SCRIPT_SANDBOXING = YES;
				GCC_C_LANGUAGE_STANDARD = gnu17;
				GCC_NO_COMMON_BLOCKS = YES;
				GCC_WARN_64_TO_32_BIT_CONVERSION = YES;
				GCC_WARN_ABOUT_RETURN_TYPE = YES_ERROR;
				GCC_WARN_UNDECLARED_SELECTOR = YES;
				GCC_WARN_UNINITIALIZED_AUTOS = YES_AGGRESSIVE;
				GCC_WARN_UNUSED_FUNCTION = YES;
				GCC_WARN_UNUSED_VARIABLE = YES;
				IPHONEOS_DEPLOYMENT_TARGET = 17.6;
				LOCALIZATION_PREFERS_STRING_CATALOGS = YES;
				MTL_ENABLE_DEBUG_INFO = NO;
				MTL_FAST_MATH = YES;
				SDKROOT = iphoneos;
				SWIFT_COMPILATION_MODE = wholemodule;
				VALIDATE_PRODUCT = YES;
			};
			name = Release;
		};
		C1F6DA4E2CEC942200854674 /* Debug */ = {
			isa = XCBuildConfiguration;
			buildSettings = {
				ASSETCATALOG_COMPILER_APPICON_NAME = AppIcon;
				ASSETCATALOG_COMPILER_GLOBAL_ACCENT_COLOR_NAME = AccentColor;
				CODE_SIGN_STYLE = Automatic;
				CURRENT_PROJECT_VERSION = 1;
				DEVELOPMENT_ASSET_PATHS = "\"WeatherApp/Preview Content\"";
				DEVELOPMENT_TEAM = 3DZCQB6DSW;
				ENABLE_PREVIEWS = YES;
				GENERATE_INFOPLIST_FILE = YES;
				INFOPLIST_FILE = "WeatherApp/Info.plist";
				INFOPLIST_KEY_UIApplicationSceneManifest_Generation = YES;
				INFOPLIST_KEY_UIApplicationSupportsIndirectInputEvents = YES;
				INFOPLIST_KEY_UILaunchScreen_Generation = YES;
				INFOPLIST_KEY_UISupportedInterfaceOrientations_iPad = "UIInterfaceOrientationPortrait UIInterfaceOrientationPortraitUpsideDown UIInterfaceOrientationLandscapeLeft UIInterfaceOrientationLandscapeRight";
				INFOPLIST_KEY_UISupportedInterfaceOrientations_iPhone = "UIInterfaceOrientationPortrait UIInterfaceOrientationLandscapeLeft UIInterfaceOrientationLandscapeRight";
				LD_RUNPATH_SEARCH_PATHS = (
					"$(inherited)",
					"@executable_path/Frameworks",
				);
				MARKETING_VERSION = 1.0;
				PRODUCT_BUNDLE_IDENTIFIER = "com.gautam.WeatherApp";
				PRODUCT_NAME = "$(TARGET_NAME)";
				SWIFT_EMIT_LOC_STRINGS = YES;
				SWIFT_VERSION = 5.0;
				TARGETED_DEVICE_FAMILY = "1,2";
			};
			name = Debug;
		};
		C1F6DA4F2CEC942200854674 /* Release */ = {
			isa = XCBuildConfiguration;
			buildSettings = {
				ASSETCATALOG_COMPILER_APPICON_NAME = AppIcon;
				ASSETCATALOG_COMPILER_GLOBAL_ACCENT_COLOR_NAME = AccentColor;
				CODE_SIGN_STYLE = Automatic;
				CURRENT_PROJECT_VERSION = 1;
				DEVELOPMENT_ASSET_PATHS = "\"WeatherApp/Preview Content\"";
				DEVELOPMENT_TEAM = 3DZCQB6DSW;
				ENABLE_PREVIEWS = YES;
				GENERATE_INFOPLIST_FILE = YES;
				INFOPLIST_FILE = "WeatherApp/Info.plist";
				INFOPLIST_KEY_UIApplicationSceneManifest_Generation = YES;
				INFOPLIST_KEY_UIApplicationSupportsIndirectInputEvents = YES;
				INFOPLIST_KEY_UILaunchScreen_Generation = YES;
				INFOPLIST_KEY_UISupportedInterfaceOrientations_iPad = "UIInterfaceOrientationPortrait UIInterfaceOrientationPortraitUpsideDown UIInterfaceOrientationLandscapeLeft UIInterfaceOrientationLandscapeRight";
				INFOPLIST_KEY_UISupportedInterfaceOrientations_iPhone = "UIInterfaceOrientationPortrait UIInterfaceOrientationLandscapeLeft UIInterfaceOrientationLandscapeRight";
				LD_RUNPATH_SEARCH_PATHS = (
					"$(inherited)",
					"@executable_path/Frameworks",
				);
				MARKETING_VERSION = 1.0;
				PRODUCT_BUNDLE_IDENTIFIER = "com.gautam.WeatherApp";
				PRODUCT_NAME = "$(TARGET_NAME)";
				SWIFT_EMIT_LOC_STRINGS = YES;
				SWIFT_VERSION = 5.0;
				TARGETED_DEVICE_FAMILY = "1,2";
			};
			name = Release;
		};
		C1F6DA512CEC942200854674 /* Debug */ = {
			isa = XCBuildConfiguration;
			buildSettings = {
				BUNDLE_LOADER = "$(TEST_HOST)";
				CODE_SIGN_STYLE = Automatic;
				CURRENT_PROJECT_VERSION = 1;
				DEVELOPMENT_TEAM = 3DZCQB6DSW;
				GENERATE_INFOPLIST_FILE = YES;
				IPHONEOS_DEPLOYMENT_TARGET = 18.1;
				MARKETING_VERSION = 1.0;
				PRODUCT_BUNDLE_IDENTIFIER = "com.gautam.WeatherAppTests";
				PRODUCT_NAME = "$(TARGET_NAME)";
				SWIFT_EMIT_LOC_STRINGS = NO;
				SWIFT_VERSION = 5.0;
				TARGETED_DEVICE_FAMILY = "1,2";
				TEST_HOST = "$(BUILT_PRODUCTS_DIR)/WeatherApp.app/$(BUNDLE_EXECUTABLE_FOLDER_PATH)/WeatherApp";
			};
			name = Debug;
		};
		C1F6DA522CEC942200854674 /* Release */ = {
			isa = XCBuildConfiguration;
			buildSettings = {
				BUNDLE_LOADER = "$(TEST_HOST)";
				CODE_SIGN_STYLE = Automatic;
				CURRENT_PROJECT_VERSION = 1;
				DEVELOPMENT_TEAM = 3DZCQB6DSW;
				GENERATE_INFOPLIST_FILE = YES;
				IPHONEOS_DEPLOYMENT_TARGET = 18.1;
				MARKETING_VERSION = 1.0;
				PRODUCT_BUNDLE_IDENTIFIER = "com.gautam.WeatherAppTests";
				PRODUCT_NAME = "$(TARGET_NAME)";
				SWIFT_EMIT_LOC_STRINGS = NO;
				SWIFT_VERSION = 5.0;
				TARGETED_DEVICE_FAMILY = "1,2";
				TEST_HOST = "$(BUILT_PRODUCTS_DIR)/WeatherApp.app/$(BUNDLE_EXECUTABLE_FOLDER_PATH)/WeatherApp";
			};
			name = Release;
		};
		C1F6DA542CEC942200854674 /* Debug */ = {
			isa = XCBuildConfiguration;
			buildSettings = {
				CODE_SIGN_STYLE = Automatic;
				CURRENT_PROJECT_VERSION = 1;
				DEVELOPMENT_TEAM = 3DZCQB6DSW;
				GENERATE_INFOPLIST_FILE = YES;
				MARKETING_VERSION = 1.0;
				PRODUCT_BUNDLE_IDENTIFIER = "com.gautam.WeatherAppUITests";
				PRODUCT_NAME = "$(TARGET_NAME)";
				SWIFT_EMIT_LOC_STRINGS = NO;
				SWIFT_VERSION = 5.0;
				TARGETED_DEVICE_FAMILY = "1,2";
				TEST_TARGET_NAME = "WeatherApp";
			};
			name = Debug;
		};
		C1F6DA552CEC942200854674 /* Release */ = {
			isa = XCBuildConfiguration;
			buildSettings = {
				CODE_SIGN_STYLE = Automatic;
				CURRENT_PROJECT_VERSION = 1;
				DEVELOPMENT_TEAM = 3DZCQB6DSW;
				GENERATE_INFOPLIST_FILE = YES;
				MARKETING_VERSION = 1.0;
				PRODUCT_BUNDLE_IDENTIFIER = "com.gautam.WeatherAppUITests";
				PRODUCT_NAME = "$(TARGET_NAME)";
				SWIFT_EMIT_LOC_STRINGS = NO;
				SWIFT_VERSION = 5.0;
				TARGETED_DEVICE_FAMILY = "1,2";
				TEST_TARGET_NAME = "WeatherApp";
			};
			name = Release;
		};
/* End XCBuildConfiguration section */

/* Begin XCConfigurationList section */
		C1F6DA242CEC942100854674 /* Build configuration list for PBXProject "WeatherApp" */ = {
			isa = XCConfigurationList;
			buildConfigurations = (
				C1F6DA4B2CEC942200854674 /* Debug */,
				C1F6DA4C2CEC942200854674 /* Release */,
			);
			defaultConfigurationIsVisible = 0;
			defaultConfigurationName = Release;
		};
		C1F6DA4D2CEC942200854674 /* Build configuration list for PBXNativeTarget "WeatherApp" */ = {
			isa = XCConfigurationList;
			buildConfigurations = (
				C1F6DA4E2CEC942200854674 /* Debug */,
				C1F6DA4F2CEC942200854674 /* Release */,
			);
			defaultConfigurationIsVisible = 0;
			defaultConfigurationName = Release;
		};
		C1F6DA502CEC942200854674 /* Build configuration list for PBXNativeTarget "WeatherAppTests" */ = {
			isa = XCConfigurationList;
			buildConfigurations = (
				C1F6DA512CEC942200854674 /* Debug */,
				C1F6DA522CEC942200854674 /* Release */,
			);
			defaultConfigurationIsVisible = 0;
			defaultConfigurationName = Release;
		};
		C1F6DA532CEC942200854674 /* Build configuration list for PBXNativeTarget "WeatherAppUITests" */ = {
			isa = XCConfigurationList;
			buildConfigurations = (
				C1F6DA542CEC942200854674 /* Debug */,
				C1F6DA552CEC942200854674 /* Release */,
			);
			defaultConfigurationIsVisible = 0;
			defaultConfigurationName = Release;
		};
/* End XCConfigurationList section */

/* Begin XCRemoteSwiftPackageReference section */
		C10EABE32CEF24A800F68D94 /* XCRemoteSwiftPackageReference "SwiftyJSON" */ = {
			isa = XCRemoteSwiftPackageReference;
			repositoryURL = "https://github.com/SwiftyJSON/SwiftyJSON";
			requirement = {
				kind = upToNextMajorVersion;
				minimumVersion = 5.0.2;
			};
		};
		C10EABE62CF0143100F68D94 /* XCRemoteSwiftPackageReference "SwiftSpinner" */ = {
			isa = XCRemoteSwiftPackageReference;
			repositoryURL = "https://github.com/icanzilb/SwiftSpinner";
			requirement = {
				kind = upToNextMajorVersion;
				minimumVersion = 2.2.0;
			};
		};
		C1CA44AF2D06C1B300F7BD2D /* XCRemoteSwiftPackageReference "highcharts-ios" */ = {
			isa = XCRemoteSwiftPackageReference;
			repositoryURL = "https://github.com/highcharts/highcharts-ios";
			requirement = {
				kind = upToNextMajorVersion;
				minimumVersion = 11.4.8;
			};
		};
		C1CA44B82D09359B00F7BD2D /* XCRemoteSwiftPackageReference "Toast-Swift" */ = {
			isa = XCRemoteSwiftPackageReference;
			repositoryURL = "https://github.com/scalessec/Toast-Swift";
			requirement = {
				kind = upToNextMajorVersion;
				minimumVersion = 5.1.1;
			};
		};
		C1F6DA742CEDE91D00854674 /* XCRemoteSwiftPackageReference "Alamofire" */ = {
			isa = XCRemoteSwiftPackageReference;
			repositoryURL = "https://github.com/Alamofire/Alamofire.git";
			requirement = {
				kind = upToNextMajorVersion;
				minimumVersion = 5.10.1;
			};
		};
/* End XCRemoteSwiftPackageReference section */

/* Begin XCSwiftPackageProductDependency section */
		C10EABE42CEF24A800F68D94 /* SwiftyJSON */ = {
			isa = XCSwiftPackageProductDependency;
			package = C10EABE32CEF24A800F68D94 /* XCRemoteSwiftPackageReference "SwiftyJSON" */;
			productName = SwiftyJSON;
		};
		C10EABE72CF0143100F68D94 /* SwiftSpinner */ = {
			isa = XCSwiftPackageProductDependency;
			package = C10EABE62CF0143100F68D94 /* XCRemoteSwiftPackageReference "SwiftSpinner" */;
			productName = SwiftSpinner;
		};
		C1CA44B02D06C1B300F7BD2D /* Highcharts */ = {
			isa = XCSwiftPackageProductDependency;
			package = C1CA44AF2D06C1B300F7BD2D /* XCRemoteSwiftPackageReference "highcharts-ios" */;
			productName = Highcharts;
		};
		C1CA44B92D09359B00F7BD2D /* Toast */ = {
			isa = XCSwiftPackageProductDependency;
			package = C1CA44B82D09359B00F7BD2D /* XCRemoteSwiftPackageReference "Toast-Swift" */;
			productName = Toast;
		};
		C1F6DA752CEDE91D00854674 /* Alamofire */ = {
			isa = XCSwiftPackageProductDependency;
			package = C1F6DA742CEDE91D00854674 /* XCRemoteSwiftPackageReference "Alamofire" */;
			productName = Alamofire;
		};
/* End XCSwiftPackageProductDependency section */
	};
	rootObject = C1F6DA212CEC942100854674 /* Project object */;
}
